
Microsoft Visual Studio Solution File, Format Version 12.00
# Visual Studio Version 16
VisualStudioVersion = 16.0.30114.105
MinimumVisualStudioVersion = 10.0.40219.1
Project("{FAE04EC0-301F-11D3-BF4B-00C04F79EFBC}") = "Common", "Common\Common.csproj", "{9141166B-6804-4D7E-8ECC-A226D83FC365}"
EndProject
Project("{FAE04EC0-301F-11D3-BF4B-00C04F79EFBC}") = "CommonTests", "CommonTests\CommonTests.csproj", "{68BE0572-0317-436B-8528-B7B77D9FE874}"
EndProject
Project("{FAE04EC0-301F-11D3-BF4B-00C04F79EFBC}") = "Playground", "Playground\Playground.csproj", "{B987EFE8-4828-48B0-BDF5-B9312DF28F50}"
EndProject
Project("{FAE04EC0-301F-11D3-BF4B-00C04F79EFBC}") = "PlaygroundTests", "PlaygroundTests\PlaygroundTests.csproj", "{4FBE5995-1185-4DD6-B297-7503B1AD0713}"
EndProject
Project("{FAE04EC0-301F-11D3-BF4B-00C04F79EFBC}") = "ModelingUnit", "ModelingUnit\ModelingUnit.csproj", "{16864421-5C14-494F-A0A0-8982248A36BB}"
EndProject
Project("{FAE04EC0-301F-11D3-BF4B-00C04F79EFBC}") = "PatternInFunctional", "PatternInFunctional\PatternInFunctional.csproj", "{3F26D52C-60B1-44B4-91A6-DFCE54E62EA4}"
EndProject
Project("{FAE04EC0-301F-11D3-BF4B-00C04F79EFBC}") = "Curry", "Curry\Curry.csproj", "{92B314E5-55E0-4C0E-B244-F7CEDFCD5373}"
EndProject
Project("{FAE04EC0-301F-11D3-BF4B-00C04F79EFBC}") = "Memoize", "Memoize\Memoize.csproj", "{B62D3726-1C0E-4879-A58C-670549DF13A5}"
EndProject
Global
	GlobalSection(SolutionConfigurationPlatforms) = preSolution
		Debug|Any CPU = Debug|Any CPU
		Release|Any CPU = Release|Any CPU
	EndGlobalSection
	GlobalSection(SolutionProperties) = preSolution
		HideSolutionNode = FALSE
	EndGlobalSection
	GlobalSection(ProjectConfigurationPlatforms) = postSolution
		{9141166B-6804-4D7E-8ECC-A226D83FC365}.Debug|Any CPU.ActiveCfg = Debug|Any CPU
		{9141166B-6804-4D7E-8ECC-A226D83FC365}.Debug|Any CPU.Build.0 = Debug|Any CPU
		{9141166B-6804-4D7E-8ECC-A226D83FC365}.Release|Any CPU.ActiveCfg = Release|Any CPU
		{9141166B-6804-4D7E-8ECC-A226D83FC365}.Release|Any CPU.Build.0 = Release|Any CPU
		{68BE0572-0317-436B-8528-B7B77D9FE874}.Debug|Any CPU.ActiveCfg = Debug|Any CPU
		{68BE0572-0317-436B-8528-B7B77D9FE874}.Debug|Any CPU.Build.0 = Debug|Any CPU
		{68BE0572-0317-436B-8528-B7B77D9FE874}.Release|Any CPU.ActiveCfg = Release|Any CPU
		{68BE0572-0317-436B-8528-B7B77D9FE874}.Release|Any CPU.Build.0 = Release|Any CPU
		{B987EFE8-4828-48B0-BDF5-B9312DF28F50}.Debug|Any CPU.ActiveCfg = Debug|Any CPU
		{B987EFE8-4828-48B0-BDF5-B9312DF28F50}.Debug|Any CPU.Build.0 = Debug|Any CPU
		{B987EFE8-4828-48B0-BDF5-B9312DF28F50}.Release|Any CPU.ActiveCfg = Release|Any CPU
		{B987EFE8-4828-48B0-BDF5-B9312DF28F50}.Release|Any CPU.Build.0 = Release|Any CPU
		{4FBE5995-1185-4DD6-B297-7503B1AD0713}.Debug|Any CPU.ActiveCfg = Debug|Any CPU
		{4FBE5995-1185-4DD6-B297-7503B1AD0713}.Debug|Any CPU.Build.0 = Debug|Any CPU
		{4FBE5995-1185-4DD6-B297-7503B1AD0713}.Release|Any CPU.ActiveCfg = Release|Any CPU
		{4FBE5995-1185-4DD6-B297-7503B1AD0713}.Release|Any CPU.Build.0 = Release|Any CPU
		{16864421-5C14-494F-A0A0-8982248A36BB}.Debug|Any CPU.ActiveCfg = Debug|Any CPU
		{16864421-5C14-494F-A0A0-8982248A36BB}.Debug|Any CPU.Build.0 = Debug|Any CPU
		{16864421-5C14-494F-A0A0-8982248A36BB}.Release|Any CPU.ActiveCfg = Release|Any CPU
		{16864421-5C14-494F-A0A0-8982248A36BB}.Release|Any CPU.Build.0 = Release|Any CPU
		{3F26D52C-60B1-44B4-91A6-DFCE54E62EA4}.Debug|Any CPU.ActiveCfg = Debug|Any CPU
		{3F26D52C-60B1-44B4-91A6-DFCE54E62EA4}.Debug|Any CPU.Build.0 = Debug|Any CPU
		{3F26D52C-60B1-44B4-91A6-DFCE54E62EA4}.Release|Any CPU.ActiveCfg = Release|Any CPU
		{3F26D52C-60B1-44B4-91A6-DFCE54E62EA4}.Release|Any CPU.Build.0 = Release|Any CPU
		{92B314E5-55E0-4C0E-B244-F7CEDFCD5373}.Debug|Any CPU.ActiveCfg = Debug|Any CPU
		{92B314E5-55E0-4C0E-B244-F7CEDFCD5373}.Debug|Any CPU.Build.0 = Debug|Any CPU
		{92B314E5-55E0-4C0E-B244-F7CEDFCD5373}.Release|Any CPU.ActiveCfg = Release|Any CPU
		{92B314E5-55E0-4C0E-B244-F7CEDFCD5373}.Release|Any CPU.Build.0 = Release|Any CPU
		{B62D3726-1C0E-4879-A58C-670549DF13A5}.Debug|Any CPU.ActiveCfg = Debug|Any CPU
		{B62D3726-1C0E-4879-A58C-670549DF13A5}.Debug|Any CPU.Build.0 = Debug|Any CPU
		{B62D3726-1C0E-4879-A58C-670549DF13A5}.Release|Any CPU.ActiveCfg = Release|Any CPU
		{B62D3726-1C0E-4879-A58C-670549DF13A5}.Release|Any CPU.Build.0 = Release|Any CPU
	EndGlobalSection
EndGlobal
